
Microsoft Visual Studio Solution File, Format Version 12.00
# Visual Studio 14
VisualStudioVersion = 14.0.25420.1
MinimumVisualStudioVersion = 10.0.40219.1
Project("{FAE04EC0-301F-11D3-BF4B-00C04F79EFBC}") = "AutoCompleteApplication", "AutoCompleteApplication\AutoCompleteApplication.csproj", "{470D08CE-25CA-4624-8776-D1993521107F}"
EndProject
Project("{FAE04EC0-301F-11D3-BF4B-00C04F79EFBC}") = "AutoCompleteFilter", "AutoCompleteFilter\AutoCompleteFilter.csproj", "{0DB47B2F-89AE-4E65-BFF5-00FE770F8348}"
EndProject
Global
	GlobalSection(SolutionConfigurationPlatforms) = preSolution
		Debug|Any CPU = Debug|Any CPU
		Release|Any CPU = Release|Any CPU
	EndGlobalSection
	GlobalSection(ProjectConfigurationPlatforms) = postSolution
		{470D08CE-25CA-4624-8776-D1993521107F}.Debug|Any CPU.ActiveCfg = Debug|Any CPU
		{470D08CE-25CA-4624-8776-D1993521107F}.Debug|Any CPU.Build.0 = Debug|Any CPU
		{470D08CE-25CA-4624-8776-D1993521107F}.Release|Any CPU.ActiveCfg = Release|Any CPU
		{470D08CE-25CA-4624-8776-D1993521107F}.Release|Any CPU.Build.0 = Release|Any CPU
		{0DB47B2F-89AE-4E65-BFF5-00FE770F8348}.Debug|Any CPU.ActiveCfg = Debug|Any CPU
		{0DB47B2F-89AE-4E65-BFF5-00FE770F8348}.Debug|Any CPU.Build.0 = Debug|Any CPU
		{0DB47B2F-89AE-4E65-BFF5-00FE770F8348}.Release|Any CPU.ActiveCfg = Release|Any CPU
		{0DB47B2F-89AE-4E65-BFF5-00FE770F8348}.Release|Any CPU.Build.0 = Release|Any CPU
	EndGlobalSection
	GlobalSection(SolutionProperties) = preSolution
		HideSolutionNode = FALSE
	EndGlobalSection
EndGlobal
